
Microsoft Visual Studio Solution File, Format Version 12.00
# Visual Studio 2013
VisualStudioVersion = 12.0.21005.1
MinimumVisualStudioVersion = 10.0.40219.1
Project("{FAE04EC0-301F-11D3-BF4B-00C04F79EFBC}") = "TWC.WebUI", "TWC.WebUI\TWC.WebUI.csproj", "{70E454A1-2EFA-46CE-AEB0-AC0EDC4FA45E}"
EndProject
Project("{FAE04EC0-301F-11D3-BF4B-00C04F79EFBC}") = "Repository.Pattern", "Repository.Pattern\Repository.Pattern.csproj", "{6E682A14-C872-4813-B620-76E108DEA683}"
EndProject
Project("{FAE04EC0-301F-11D3-BF4B-00C04F79EFBC}") = "Repository.Pattern.Ef6", "Repository.Pattern.Ef6\Repository.Pattern.Ef6.csproj", "{F68A1D19-93FB-47C1-A22B-42BEA3E4FD8C}"
EndProject
Project("{FAE04EC0-301F-11D3-BF4B-00C04F79EFBC}") = "Service.Pattern", "Service.Pattern\Service.Pattern.csproj", "{86F86650-EE3C-4372-8FEC-40C2FE015022}"
EndProject
Project("{2150E333-8FDC-42A3-9474-1A3956D46DE8}") = ".nuget", ".nuget", "{46EFCF2D-841B-435F-B6A5-5524508BB3EC}"
	ProjectSection(SolutionItems) = preProject
		.nuget\NuGet.Config = .nuget\NuGet.Config
		.nuget\NuGet.exe = .nuget\NuGet.exe
		.nuget\NuGet.targets = .nuget\NuGet.targets
	EndProjectSection
EndProject
Project("{FAE04EC0-301F-11D3-BF4B-00C04F79EFBC}") = "TWC.Entities", "TWC.Entities\TWC.Entities.csproj", "{9826FC10-5F6E-43B7-A6E5-0F2F28C3840B}"
EndProject
Project("{FAE04EC0-301F-11D3-BF4B-00C04F79EFBC}") = "TWC.Enums", "TWC.Enums\TWC.Enums.csproj", "{85CDC339-1B0B-456F-B646-805796785265}"
EndProject
Project("{FAE04EC0-301F-11D3-BF4B-00C04F79EFBC}") = "TWC.Repositories", "TWC.Repositories\TWC.Repositories.csproj", "{8990C071-6CC7-4E26-8891-183F8BD02176}"
EndProject
Project("{FAE04EC0-301F-11D3-BF4B-00C04F79EFBC}") = "TWC.Helpers", "TWC.Helpers\TWC.Helpers.csproj", "{0BED1FDF-7CD8-448C-BB22-DBFA77D2D5AE}"
EndProject
Project("{FAE04EC0-301F-11D3-BF4B-00C04F79EFBC}") = "TWC.AuthProviders", "TWC.AuthProviders\TWC.AuthProviders.csproj", "{0B95FA35-8DFC-475C-8832-CFA3DE04B9FD}"
EndProject
Project("{FAE04EC0-301F-11D3-BF4B-00C04F79EFBC}") = "TWC.WebAPI", "TWC.WebAPI\TWC.WebAPI.csproj", "{9AAE16BD-EFC0-453D-A761-F545869DD282}"
EndProject
Global
	GlobalSection(SolutionConfigurationPlatforms) = preSolution
		Debug|Any CPU = Debug|Any CPU
		Debug|x86 = Debug|x86
		Release|Any CPU = Release|Any CPU
		Release|x86 = Release|x86
	EndGlobalSection
	GlobalSection(ProjectConfigurationPlatforms) = postSolution
		{70E454A1-2EFA-46CE-AEB0-AC0EDC4FA45E}.Debug|Any CPU.ActiveCfg = Debug|Any CPU
		{70E454A1-2EFA-46CE-AEB0-AC0EDC4FA45E}.Debug|Any CPU.Build.0 = Debug|Any CPU
		{70E454A1-2EFA-46CE-AEB0-AC0EDC4FA45E}.Debug|x86.ActiveCfg = Debug|Any CPU
		{70E454A1-2EFA-46CE-AEB0-AC0EDC4FA45E}.Release|Any CPU.ActiveCfg = Release|Any CPU
		{70E454A1-2EFA-46CE-AEB0-AC0EDC4FA45E}.Release|Any CPU.Build.0 = Release|Any CPU
		{70E454A1-2EFA-46CE-AEB0-AC0EDC4FA45E}.Release|x86.ActiveCfg = Release|Any CPU
		{6E682A14-C872-4813-B620-76E108DEA683}.Debug|Any CPU.ActiveCfg = Debug|Any CPU
		{6E682A14-C872-4813-B620-76E108DEA683}.Debug|Any CPU.Build.0 = Debug|Any CPU
		{6E682A14-C872-4813-B620-76E108DEA683}.Debug|x86.ActiveCfg = Debug|x86
		{6E682A14-C872-4813-B620-76E108DEA683}.Debug|x86.Build.0 = Debug|x86
		{6E682A14-C872-4813-B620-76E108DEA683}.Release|Any CPU.ActiveCfg = Release|Any CPU
		{6E682A14-C872-4813-B620-76E108DEA683}.Release|Any CPU.Build.0 = Release|Any CPU
		{6E682A14-C872-4813-B620-76E108DEA683}.Release|x86.ActiveCfg = Release|x86
		{6E682A14-C872-4813-B620-76E108DEA683}.Release|x86.Build.0 = Release|x86
		{F68A1D19-93FB-47C1-A22B-42BEA3E4FD8C}.Debug|Any CPU.ActiveCfg = Debug|Any CPU
		{F68A1D19-93FB-47C1-A22B-42BEA3E4FD8C}.Debug|Any CPU.Build.0 = Debug|Any CPU
		{F68A1D19-93FB-47C1-A22B-42BEA3E4FD8C}.Debug|x86.ActiveCfg = Debug|Any CPU
		{F68A1D19-93FB-47C1-A22B-42BEA3E4FD8C}.Release|Any CPU.ActiveCfg = Release|Any CPU
		{F68A1D19-93FB-47C1-A22B-42BEA3E4FD8C}.Release|Any CPU.Build.0 = Release|Any CPU
		{F68A1D19-93FB-47C1-A22B-42BEA3E4FD8C}.Release|x86.ActiveCfg = Release|Any CPU
		{86F86650-EE3C-4372-8FEC-40C2FE015022}.Debug|Any CPU.ActiveCfg = Debug|Any CPU
		{86F86650-EE3C-4372-8FEC-40C2FE015022}.Debug|Any CPU.Build.0 = Debug|Any CPU
		{86F86650-EE3C-4372-8FEC-40C2FE015022}.Debug|x86.ActiveCfg = Debug|Any CPU
		{86F86650-EE3C-4372-8FEC-40C2FE015022}.Release|Any CPU.ActiveCfg = Release|Any CPU
		{86F86650-EE3C-4372-8FEC-40C2FE015022}.Release|Any CPU.Build.0 = Release|Any CPU
		{86F86650-EE3C-4372-8FEC-40C2FE015022}.Release|x86.ActiveCfg = Release|Any CPU
		{9826FC10-5F6E-43B7-A6E5-0F2F28C3840B}.Debug|Any CPU.ActiveCfg = Debug|Any CPU
		{9826FC10-5F6E-43B7-A6E5-0F2F28C3840B}.Debug|Any CPU.Build.0 = Debug|Any CPU
		{9826FC10-5F6E-43B7-A6E5-0F2F28C3840B}.Debug|x86.ActiveCfg = Debug|Any CPU
		{9826FC10-5F6E-43B7-A6E5-0F2F28C3840B}.Release|Any CPU.ActiveCfg = Release|Any CPU
		{9826FC10-5F6E-43B7-A6E5-0F2F28C3840B}.Release|Any CPU.Build.0 = Release|Any CPU
		{9826FC10-5F6E-43B7-A6E5-0F2F28C3840B}.Release|x86.ActiveCfg = Release|Any CPU
		{85CDC339-1B0B-456F-B646-805796785265}.Debug|Any CPU.ActiveCfg = Debug|Any CPU
		{85CDC339-1B0B-456F-B646-805796785265}.Debug|Any CPU.Build.0 = Debug|Any CPU
		{85CDC339-1B0B-456F-B646-805796785265}.Debug|x86.ActiveCfg = Debug|Any CPU
		{85CDC339-1B0B-456F-B646-805796785265}.Release|Any CPU.ActiveCfg = Release|Any CPU
		{85CDC339-1B0B-456F-B646-805796785265}.Release|Any CPU.Build.0 = Release|Any CPU
		{85CDC339-1B0B-456F-B646-805796785265}.Release|x86.ActiveCfg = Release|Any CPU
		{8990C071-6CC7-4E26-8891-183F8BD02176}.Debug|Any CPU.ActiveCfg = Debug|Any CPU
		{8990C071-6CC7-4E26-8891-183F8BD02176}.Debug|Any CPU.Build.0 = Debug|Any CPU
		{8990C071-6CC7-4E26-8891-183F8BD02176}.Debug|x86.ActiveCfg = Debug|Any CPU
		{8990C071-6CC7-4E26-8891-183F8BD02176}.Release|Any CPU.ActiveCfg = Release|Any CPU
		{8990C071-6CC7-4E26-8891-183F8BD02176}.Release|Any CPU.Build.0 = Release|Any CPU
		{8990C071-6CC7-4E26-8891-183F8BD02176}.Release|x86.ActiveCfg = Release|Any CPU
		{0BED1FDF-7CD8-448C-BB22-DBFA77D2D5AE}.Debug|Any CPU.ActiveCfg = Debug|Any CPU
		{0BED1FDF-7CD8-448C-BB22-DBFA77D2D5AE}.Debug|Any CPU.Build.0 = Debug|Any CPU
		{0BED1FDF-7CD8-448C-BB22-DBFA77D2D5AE}.Debug|x86.ActiveCfg = Debug|Any CPU
		{0BED1FDF-7CD8-448C-BB22-DBFA77D2D5AE}.Release|Any CPU.ActiveCfg = Release|Any CPU
		{0BED1FDF-7CD8-448C-BB22-DBFA77D2D5AE}.Release|Any CPU.Build.0 = Release|Any CPU
		{0BED1FDF-7CD8-448C-BB22-DBFA77D2D5AE}.Release|x86.ActiveCfg = Release|Any CPU
		{0B95FA35-8DFC-475C-8832-CFA3DE04B9FD}.Debug|Any CPU.ActiveCfg = Debug|Any CPU
		{0B95FA35-8DFC-475C-8832-CFA3DE04B9FD}.Debug|Any CPU.Build.0 = Debug|Any CPU
		{0B95FA35-8DFC-475C-8832-CFA3DE04B9FD}.Debug|x86.ActiveCfg = Debug|Any CPU
		{0B95FA35-8DFC-475C-8832-CFA3DE04B9FD}.Release|Any CPU.ActiveCfg = Release|Any CPU
		{0B95FA35-8DFC-475C-8832-CFA3DE04B9FD}.Release|Any CPU.Build.0 = Release|Any CPU
		{0B95FA35-8DFC-475C-8832-CFA3DE04B9FD}.Release|x86.ActiveCfg = Release|Any CPU
		{9AAE16BD-EFC0-453D-A761-F545869DD282}.Debug|Any CPU.ActiveCfg = Debug|Any CPU
		{9AAE16BD-EFC0-453D-A761-F545869DD282}.Debug|Any CPU.Build.0 = Debug|Any CPU
		{9AAE16BD-EFC0-453D-A761-F545869DD282}.Debug|x86.ActiveCfg = Debug|Any CPU
		{9AAE16BD-EFC0-453D-A761-F545869DD282}.Release|Any CPU.ActiveCfg = Release|Any CPU
		{9AAE16BD-EFC0-453D-A761-F545869DD282}.Release|Any CPU.Build.0 = Release|Any CPU
		{9AAE16BD-EFC0-453D-A761-F545869DD282}.Release|x86.ActiveCfg = Release|Any CPU
	EndGlobalSection
	GlobalSection(SolutionProperties) = preSolution
		HideSolutionNode = FALSE
	EndGlobalSection
EndGlobal
